
Microsoft Visual Studio Solution File, Format Version 12.00
# Visual Studio Version 16
VisualStudioVersion = 16.0.31624.102
MinimumVisualStudioVersion = 10.0.40219.1
Project("{FAE04EC0-301F-11D3-BF4B-00C04F79EFBC}") = "Cars-MVP", "Cars-MVP\Cars-MVP.csproj", "{7D7D4921-2739-4C36-AE4C-8236D5439CD7}"
EndProject
Global
	GlobalSection(SolutionConfigurationPlatforms) = preSolution
		Debug|Any CPU = Debug|Any CPU
		Release|Any CPU = Release|Any CPU
	EndGlobalSection
	GlobalSection(ProjectConfigurationPlatforms) = postSolution
		{7D7D4921-2739-4C36-AE4C-8236D5439CD7}.Debug|Any CPU.ActiveCfg = Debug|Any CPU
		{7D7D4921-2739-4C36-AE4C-8236D5439CD7}.Debug|Any CPU.Build.0 = Debug|Any CPU
		{7D7D4921-2739-4C36-AE4C-8236D5439CD7}.Release|Any CPU.ActiveCfg = Release|Any CPU
		{7D7D4921-2739-4C36-AE4C-8236D5439CD7}.Release|Any CPU.Build.0 = Release|Any CPU
	EndGlobalSection
	GlobalSection(SolutionProperties) = preSolution
		HideSolutionNode = FALSE
	EndGlobalSection
	GlobalSection(ExtensibilityGlobals) = postSolution
		SolutionGuid = {F20EB5C1-DE74-454A-AD1C-955FD68C2B39}
	EndGlobalSection
EndGlobal
